
Microsoft Visual Studio Solution File, Format Version 12.00
# Visual Studio Version 17
VisualStudioVersion = 17.0.32014.148
MinimumVisualStudioVersion = 10.0.40219.1
Project("{8BC9CEB8-8B4A-11D0-8D11-00A0C91BC942}") = "Cpp_3_15(Inherit)", "Cpp_3_15(Inherit)\Cpp_3_15(Inherit).vcxproj", "{425A098C-113A-424F-8725-83AC02171A0E}"
EndProject
Global
	GlobalSection(SolutionConfigurationPlatforms) = preSolution
		Debug|x64 = Debug|x64
		Debug|x86 = Debug|x86
		Release|x64 = Release|x64
		Release|x86 = Release|x86
	EndGlobalSection
	GlobalSection(ProjectConfigurationPlatforms) = postSolution
		{425A098C-113A-424F-8725-83AC02171A0E}.Debug|x64.ActiveCfg = Debug|x64
		{425A098C-113A-424F-8725-83AC02171A0E}.Debug|x64.Build.0 = Debug|x64
		{425A098C-113A-424F-8725-83AC02171A0E}.Debug|x86.ActiveCfg = Debug|Win32
		{425A098C-113A-424F-8725-83AC02171A0E}.Debug|x86.Build.0 = Debug|Win32
		{425A098C-113A-424F-8725-83AC02171A0E}.Release|x64.ActiveCfg = Release|x64
		{425A098C-113A-424F-8725-83AC02171A0E}.Release|x64.Build.0 = Release|x64
		{425A098C-113A-424F-8725-83AC02171A0E}.Release|x86.ActiveCfg = Release|Win32
		{425A098C-113A-424F-8725-83AC02171A0E}.Release|x86.Build.0 = Release|Win32
	EndGlobalSection
	GlobalSection(SolutionProperties) = preSolution
		HideSolutionNode = FALSE
	EndGlobalSection
	GlobalSection(ExtensibilityGlobals) = postSolution
		SolutionGuid = {1BF00D5F-463D-4385-9FC5-3107639B7B84}
	EndGlobalSection
EndGlobal
