
Microsoft Visual Studio Solution File, Format Version 12.00
# Visual Studio Version 17
VisualStudioVersion = 17.0.32014.148
MinimumVisualStudioVersion = 10.0.40219.1
Project("{8BC9CEB8-8B4A-11D0-8D11-00A0C91BC942}") = "Cpp_3_19", "Cpp_3_19\Cpp_3_19.vcxproj", "{2A4BE143-C5BB-48BD-AFD8-D27245D22727}"
EndProject
Global
	GlobalSection(SolutionConfigurationPlatforms) = preSolution
		Debug|x64 = Debug|x64
		Debug|x86 = Debug|x86
		Release|x64 = Release|x64
		Release|x86 = Release|x86
	EndGlobalSection
	GlobalSection(ProjectConfigurationPlatforms) = postSolution
		{2A4BE143-C5BB-48BD-AFD8-D27245D22727}.Debug|x64.ActiveCfg = Debug|x64
		{2A4BE143-C5BB-48BD-AFD8-D27245D22727}.Debug|x64.Build.0 = Debug|x64
		{2A4BE143-C5BB-48BD-AFD8-D27245D22727}.Debug|x86.ActiveCfg = Debug|Win32
		{2A4BE143-C5BB-48BD-AFD8-D27245D22727}.Debug|x86.Build.0 = Debug|Win32
		{2A4BE143-C5BB-48BD-AFD8-D27245D22727}.Release|x64.ActiveCfg = Release|x64
		{2A4BE143-C5BB-48BD-AFD8-D27245D22727}.Release|x64.Build.0 = Release|x64
		{2A4BE143-C5BB-48BD-AFD8-D27245D22727}.Release|x86.ActiveCfg = Release|Win32
		{2A4BE143-C5BB-48BD-AFD8-D27245D22727}.Release|x86.Build.0 = Release|Win32
	EndGlobalSection
	GlobalSection(SolutionProperties) = preSolution
		HideSolutionNode = FALSE
	EndGlobalSection
	GlobalSection(ExtensibilityGlobals) = postSolution
		SolutionGuid = {AD437216-398F-4634-8689-2129BE0DCF1F}
	EndGlobalSection
EndGlobal
